
Microsoft Visual Studio Solution File, Format Version 12.00
# Visual Studio 15
VisualStudioVersion = 15.0.28010.2026
MinimumVisualStudioVersion = 10.0.40219.1
Project("{FAE04EC0-301F-11D3-BF4B-00C04F79EFBC}") = "RazorProfile", "RazorProfile\RazorProfile.csproj", "{17A6BC3A-5ACA-4AC4-B4EC-37BE57EC98C3}"
EndProject
Global
	GlobalSection(SolutionConfigurationPlatforms) = preSolution
		Debug|Any CPU = Debug|Any CPU
		Release|Any CPU = Release|Any CPU
	EndGlobalSection
	GlobalSection(ProjectConfigurationPlatforms) = postSolution
		{17A6BC3A-5ACA-4AC4-B4EC-37BE57EC98C3}.Debug|Any CPU.ActiveCfg = Debug|Any CPU
		{17A6BC3A-5ACA-4AC4-B4EC-37BE57EC98C3}.Debug|Any CPU.Build.0 = Debug|Any CPU
		{17A6BC3A-5ACA-4AC4-B4EC-37BE57EC98C3}.Release|Any CPU.ActiveCfg = Release|Any CPU
		{17A6BC3A-5ACA-4AC4-B4EC-37BE57EC98C3}.Release|Any CPU.Build.0 = Release|Any CPU
	EndGlobalSection
	GlobalSection(SolutionProperties) = preSolution
		HideSolutionNode = FALSE
	EndGlobalSection
	GlobalSection(ExtensibilityGlobals) = postSolution
		SolutionGuid = {E889BAB5-0F89-466B-9104-6A2E285BA275}
	EndGlobalSection
EndGlobal
